// !$*UTF8*$!
{
	archiveVersion = 1;
	classes = {
	};
	objectVersion = 46;
	objects = {

/* Begin PBXBuildFile section */
		8D11072F0486CEB800E47090 /* Cocoa.framework in Frameworks */ = {isa = PBXBuildFile; fileRef = 1058C7A1FEA54F0111CA2CBB /* Cocoa.framework */; };
		A83BBC98131B84950007DD75 /* gpathfinder.cpp in Sources */ = {isa = PBXBuildFile; fileRef = A83BBC8D131B84950007DD75 /* gpathfinder.cpp */; };
		A83BBC99131B84950007DD75 /* gpathfinderimpl.cpp in Sources */ = {isa = PBXBuildFile; fileRef = A83BBC8F131B84950007DD75 /* gpathfinderimpl.cpp */; };
		A83BBC9A131B84950007DD75 /* path.cpp in Sources */ = {isa = PBXBuildFile; fileRef = A83BBC91131B84950007DD75 /* path.cpp */; };
		A83BBC9B131B84950007DD75 /* pathfinder.cpp in Sources */ = {isa = PBXBuildFile; fileRef = A83BBC93131B84950007DD75 /* pathfinder.cpp */; };
		A83BBC9C131B84950007DD75 /* pqueueimpl.cpp in Sources */ = {isa = PBXBuildFile; fileRef = A83BBC96131B84950007DD75 /* pqueueimpl.cpp */; };
		E3DDB4070D2F5EB100348E1D /* Carbon.framework in Frameworks */ = {isa = PBXBuildFile; fileRef = E3DDB4060D2F5EB100348E1D /* Carbon.framework */; };
		E3DDB40C0D2F5EBE00348E1D /* QuickTime.framework in Frameworks */ = {isa = PBXBuildFile; fileRef = E3DDB40B0D2F5EBE00348E1D /* QuickTime.framework */; };
		E3DDB4120D2F60C500348E1D /* libcs106.a in Frameworks */ = {isa = PBXBuildFile; fileRef = E3DDB4110D2F60C500348E1D /* libcs106.a */; };
/* End PBXBuildFile section */

/* Begin PBXFileReference section */
		1058C7A1FEA54F0111CA2CBB /* Cocoa.framework */ = {isa = PBXFileReference; lastKnownFileType = wrapper.framework; name = Cocoa.framework; path = /System/Library/Frameworks/Cocoa.framework; sourceTree = "<absolute>"; };
		8D1107310486CEB800E47090 /* Info.plist */ = {isa = PBXFileReference; fileEncoding = 4; lastKnownFileType = text.plist; path = Info.plist; sourceTree = "<group>"; };
		8D1107320486CEB800E47090 /* Pathfinder.app */ = {isa = PBXFileReference; explicitFileType = wrapper.application; includeInIndex = 0; path = Pathfinder.app; sourceTree = BUILT_PRODUCTS_DIR; };
		A83BBC8D131B84950007DD75 /* gpathfinder.cpp */ = {isa = PBXFileReference; fileEncoding = 4; lastKnownFileType = sourcecode.cpp.cpp; path = gpathfinder.cpp; sourceTree = "<group>"; };
		A83BBC8E131B84950007DD75 /* gpathfinder.h */ = {isa = PBXFileReference; fileEncoding = 4; lastKnownFileType = sourcecode.c.h; path = gpathfinder.h; sourceTree = "<group>"; };
		A83BBC8F131B84950007DD75 /* gpathfinderimpl.cpp */ = {isa = PBXFileReference; fileEncoding = 4; lastKnownFileType = sourcecode.cpp.cpp; path = gpathfinderimpl.cpp; sourceTree = "<group>"; };
		A83BBC90131B84950007DD75 /* graphtypes.h */ = {isa = PBXFileReference; fileEncoding = 4; lastKnownFileType = sourcecode.c.h; path = graphtypes.h; sourceTree = "<group>"; };
		A83BBC91131B84950007DD75 /* path.cpp */ = {isa = PBXFileReference; fileEncoding = 4; lastKnownFileType = sourcecode.cpp.cpp; path = path.cpp; sourceTree = "<group>"; };
		A83BBC92131B84950007DD75 /* path.h */ = {isa = PBXFileReference; fileEncoding = 4; lastKnownFileType = sourcecode.c.h; path = path.h; sourceTree = "<group>"; };
		A83BBC93131B84950007DD75 /* pathfinder.cpp */ = {isa = PBXFileReference; fileEncoding = 4; lastKnownFileType = sourcecode.cpp.cpp; path = pathfinder.cpp; sourceTree = "<group>"; };
		A83BBC94131B84950007DD75 /* point.h */ = {isa = PBXFileReference; fileEncoding = 4; lastKnownFileType = sourcecode.c.h; path = point.h; sourceTree = "<group>"; };
		A83BBC95131B84950007DD75 /* pqueue.h */ = {isa = PBXFileReference; fileEncoding = 4; lastKnownFileType = sourcecode.c.h; path = pqueue.h; sourceTree = "<group>"; };
		A83BBC96131B84950007DD75 /* pqueueimpl.cpp */ = {isa = PBXFileReference; fileEncoding = 4; lastKnownFileType = sourcecode.cpp.cpp; path = pqueueimpl.cpp; sourceTree = "<group>"; };
		A83BBC97131B84950007DD75 /* pqueuepriv.h */ = {isa = PBXFileReference; fileEncoding = 4; lastKnownFileType = sourcecode.c.h; path = pqueuepriv.h; sourceTree = "<group>"; };
		E3DDB4060D2F5EB100348E1D /* Carbon.framework */ = {isa = PBXFileReference; lastKnownFileType = wrapper.framework; name = Carbon.framework; path = /System/Library/Frameworks/Carbon.framework; sourceTree = "<absolute>"; };
		E3DDB40B0D2F5EBE00348E1D /* QuickTime.framework */ = {isa = PBXFileReference; lastKnownFileType = wrapper.framework; name = QuickTime.framework; path = /System/Library/Frameworks/QuickTime.framework; sourceTree = "<absolute>"; };
		E3DDB4110D2F60C500348E1D /* libcs106.a */ = {isa = PBXFileReference; lastKnownFileType = archive.ar; name = libcs106.a; path = cs106/libcs106.a; sourceTree = "<group>"; };
/* End PBXFileReference section */

/* Begin PBXFrameworksBuildPhase section */
		8D11072E0486CEB800E47090 /* Frameworks */ = {
			isa = PBXFrameworksBuildPhase;
			buildActionMask = 2147483647;
			files = (
				8D11072F0486CEB800E47090 /* Cocoa.framework in Frameworks */,
				E3DDB4070D2F5EB100348E1D /* Carbon.framework in Frameworks */,
				E3DDB40C0D2F5EBE00348E1D /* QuickTime.framework in Frameworks */,
				E3DDB4120D2F60C500348E1D /* libcs106.a in Frameworks */,
			);
			runOnlyForDeploymentPostprocessing = 0;
		};
/* End PBXFrameworksBuildPhase section */

/* Begin PBXGroup section */
		19C28FACFE9D520D11CA2CBB /* Products */ = {
			isa = PBXGroup;
			children = (
				8D1107320486CEB800E47090 /* Pathfinder.app */,
			);
			name = Products;
			sourceTree = "<group>";
		};
		29B97314FDCFA39411CA2CEA /* Pathfinder */ = {
			isa = PBXGroup;
			children = (
				A83BBC93131B84950007DD75 /* pathfinder.cpp */,
				A83BBC8D131B84950007DD75 /* gpathfinder.cpp */,
				A83BBC8E131B84950007DD75 /* gpathfinder.h */,
				A83BBC8F131B84950007DD75 /* gpathfinderimpl.cpp */,
				A83BBC90131B84950007DD75 /* graphtypes.h */,
				A83BBC91131B84950007DD75 /* path.cpp */,
				A83BBC92131B84950007DD75 /* path.h */,
				A83BBC94131B84950007DD75 /* point.h */,
				A83BBC95131B84950007DD75 /* pqueue.h */,
				A83BBC96131B84950007DD75 /* pqueueimpl.cpp */,
				A83BBC97131B84950007DD75 /* pqueuepriv.h */,
				29B97317FDCFA39411CA2CEA /* Resources */,
				29B97323FDCFA39411CA2CEA /* Frameworks */,
				19C28FACFE9D520D11CA2CBB /* Products */,
			);
			name = Pathfinder;
			sourceTree = "<group>";
		};
		29B97317FDCFA39411CA2CEA /* Resources */ = {
			isa = PBXGroup;
			children = (
				E3DDB4110D2F60C500348E1D /* libcs106.a */,
				8D1107310486CEB800E47090 /* Info.plist */,
			);
			name = Resources;
			sourceTree = "<group>";
		};
		29B97323FDCFA39411CA2CEA /* Frameworks */ = {
			isa = PBXGroup;
			children = (
				E3DDB40B0D2F5EBE00348E1D /* QuickTime.framework */,
				E3DDB4060D2F5EB100348E1D /* Carbon.framework */,
				1058C7A1FEA54F0111CA2CBB /* Cocoa.framework */,
			);
			name = Frameworks;
			sourceTree = "<group>";
		};
/* End PBXGroup section */

/* Begin PBXNativeTarget section */
		8D1107260486CEB800E47090 /* Pathfinder */ = {
			isa = PBXNativeTarget;
			buildConfigurationList = C01FCF4A08A954540054247B /* Build configuration list for PBXNativeTarget "Pathfinder" */;
			buildPhases = (
				8D1107290486CEB800E47090 /* Resources */,
				8D11072C0486CEB800E47090 /* Sources */,
				8D11072E0486CEB800E47090 /* Frameworks */,
			);
			buildRules = (
			);
			dependencies = (
			);
			name = Pathfinder;
			productInstallPath = "$(HOME)/Applications";
			productName = Pathfinder;
			productReference = 8D1107320486CEB800E47090 /* Pathfinder.app */;
			productType = "com.apple.product-type.application";
		};
/* End PBXNativeTarget section */

/* Begin PBXProject section */
		29B97313FDCFA39411CA2CEA /* Project object */ = {
			isa = PBXProject;
			buildConfigurationList = C01FCF4E08A954540054247B /* Build configuration list for PBXProject "Pathfinder" */;
			compatibilityVersion = "Xcode 3.2";
			developmentRegion = English;
			hasScannedForEncodings = 1;
			knownRegions = (
				English,
				Japanese,
				French,
				German,
			);
			mainGroup = 29B97314FDCFA39411CA2CEA /* Pathfinder */;
			projectDirPath = "";
			projectRoot = "";
			targets = (
				8D1107260486CEB800E47090 /* Pathfinder */,
			);
		};
/* End PBXProject section */

/* Begin PBXResourcesBuildPhase section */
		8D1107290486CEB800E47090 /* Resources */ = {
			isa = PBXResourcesBuildPhase;
			buildActionMask = 2147483647;
			files = (
			);
			runOnlyForDeploymentPostprocessing = 0;
		};
/* End PBXResourcesBuildPhase section */

/* Begin PBXSourcesBuildPhase section */
		8D11072C0486CEB800E47090 /* Sources */ = {
			isa = PBXSourcesBuildPhase;
			buildActionMask = 2147483647;
			files = (
				A83BBC98131B84950007DD75 /* gpathfinder.cpp in Sources */,
				A83BBC99131B84950007DD75 /* gpathfinderimpl.cpp in Sources */,
				A83BBC9A131B84950007DD75 /* path.cpp in Sources */,
				A83BBC9B131B84950007DD75 /* pathfinder.cpp in Sources */,
				A83BBC9C131B84950007DD75 /* pqueueimpl.cpp in Sources */,
			);
			runOnlyForDeploymentPostprocessing = 0;
		};
/* End PBXSourcesBuildPhase section */

/* Begin XCBuildConfiguration section */
		C01FCF4B08A954540054247B /* Debug */ = {
			isa = XCBuildConfiguration;
			buildSettings = {
				COPY_PHASE_STRIP = NO;
				GCC_DYNAMIC_NO_PIC = NO;
				GCC_ENABLE_FIX_AND_CONTINUE = YES;
				GCC_MODEL_TUNING = G5;
				GCC_OPTIMIZATION_LEVEL = 0;
				INFOPLIST_FILE = Info.plist;
				INSTALL_PATH = "$(HOME)/Applications";
				LIBRARY_SEARCH_PATHS = (
					"$(inherited)",
					"$(LIBRARY_SEARCH_PATHS_QUOTED_1)",
				);
				LIBRARY_SEARCH_PATHS_QUOTED_1 = "\"$(SRCROOT)/cs106\"";
				PRODUCT_NAME = Pathfinder;
				WRAPPER_EXTENSION = app;
				ZERO_LINK = YES;
			};
			name = Debug;
		};
		C01FCF4F08A954540054247B /* Debug */ = {
			isa = XCBuildConfiguration;
			buildSettings = {
				CONFIGURATION_BUILD_DIR = .;
				GCC_WARN_ABOUT_RETURN_TYPE = YES;
				GCC_WARN_UNUSED_VARIABLE = YES;
				LIBRARY_SEARCH_PATHS = cs106;
				OTHER_CFLAGS = "-fstack-check";
				PREBINDING = NO;
				SDKROOT = "";
				USER_HEADER_SEARCH_PATHS = cs106;
				WARNING_CFLAGS = (
					"-Wall",
					"-Wno-sign-compare",
				);
			};
			name = Debug;
		};
/* End XCBuildConfiguration section */

/* Begin XCConfigurationList section */
		C01FCF4A08A954540054247B /* Build configuration list for PBXNativeTarget "Pathfinder" */ = {
			isa = XCConfigurationList;
			buildConfigurations = (
				C01FCF4B08A954540054247B /* Debug */,
			);
			defaultConfigurationIsVisible = 0;
			defaultConfigurationName = Debug;
		};
		C01FCF4E08A954540054247B /* Build configuration list for PBXProject "Pathfinder" */ = {
			isa = XCConfigurationList;
			buildConfigurations = (
				C01FCF4F08A954540054247B /* Debug */,
			);
			defaultConfigurationIsVisible = 0;
			defaultConfigurationName = Debug;
		};
/* End XCConfigurationList section */
	};
	rootObject = 29B97313FDCFA39411CA2CEA /* Project object */;
}
